// !$*UTF8*$!
{
	archiveVersion = 1;
	classes = {
	};
	objectVersion = 50;
	objects = {

/* Begin PBXBuildFile section */
		9E07BC3C20ECF00700A26584 /* FriendDetailViewController.swift in Sources */ = {isa = PBXBuildFile; fileRef = 9E07BC3B20ECF00700A26584 /* FriendDetailViewController.swift */; };
		9E07BC3E20ECF06900A26584 /* AddFriendViewController.swift in Sources */ = {isa = PBXBuildFile; fileRef = 9E07BC3D20ECF06900A26584 /* AddFriendViewController.swift */; };
		9E21894420DC7B41008997FB /* AppDelegate.swift in Sources */ = {isa = PBXBuildFile; fileRef = 9E21894320DC7B41008997FB /* AppDelegate.swift */; };
		9E21894820DC7B41008997FB /* ViewController.swift in Sources */ = {isa = PBXBuildFile; fileRef = 9E21894720DC7B41008997FB /* ViewController.swift */; };
		9E21894B20DC7B41008997FB /* Main.storyboard in Resources */ = {isa = PBXBuildFile; fileRef = 9E21894920DC7B41008997FB /* Main.storyboard */; };
		9E21894D20DC7B43008997FB /* Assets.xcassets in Resources */ = {isa = PBXBuildFile; fileRef = 9E21894C20DC7B43008997FB /* Assets.xcassets */; };
		9E21895020DC7B43008997FB /* LaunchScreen.storyboard in Resources */ = {isa = PBXBuildFile; fileRef = 9E21894E20DC7B43008997FB /* LaunchScreen.storyboard */; };
		9E21895820DC7C3C008997FB /* target.scnassets in Resources */ = {isa = PBXBuildFile; fileRef = 9E21895720DC7C3C008997FB /* target.scnassets */; };
		9E2AE57020ECBF0B00AA54B9 /* StartViewController.swift in Sources */ = {isa = PBXBuildFile; fileRef = 9E2AE56F20ECBF0B00AA54B9 /* StartViewController.swift */; };
		9E2AE57220ECBF3200AA54B9 /* FriendsViewController.swift in Sources */ = {isa = PBXBuildFile; fileRef = 9E2AE57120ECBF3200AA54B9 /* FriendsViewController.swift */; };
		9EB2DF29210F1ED400444981 /* FriendsCollectionViewCell.swift in Sources */ = {isa = PBXBuildFile; fileRef = 9EB2DF28210F1ED400444981 /* FriendsCollectionViewCell.swift */; };
		9EBD7F9F21201A5A001B0C81 /* AddFriendSecondViewController.swift in Sources */ = {isa = PBXBuildFile; fileRef = 9EBD7F9E21201A5A001B0C81 /* AddFriendSecondViewController.swift */; };
		9EC06F7720DE265A00138175 /* GameManager.swift in Sources */ = {isa = PBXBuildFile; fileRef = 9EC06F7620DE265A00138175 /* GameManager.swift */; };
		9EDC97912121A6AF008B2EAD /* FriendsModel.xcdatamodeld in Sources */ = {isa = PBXBuildFile; fileRef = 9EDC978D212179EF008B2EAD /* FriendsModel.xcdatamodeld */; };
/* End PBXBuildFile section */

/* Begin PBXFileReference section */
		9E07BC3B20ECF00700A26584 /* FriendDetailViewController.swift */ = {isa = PBXFileReference; lastKnownFileType = sourcecode.swift; path = FriendDetailViewController.swift; sourceTree = "<group>"; };
		9E07BC3D20ECF06900A26584 /* AddFriendViewController.swift */ = {isa = PBXFileReference; lastKnownFileType = sourcecode.swift; path = AddFriendViewController.swift; sourceTree = "<group>"; };
		9E21894020DC7B41008997FB /* AR_Friends-Attack.app */ = {isa = PBXFileReference; explicitFileType = wrapper.application; includeInIndex = 0; path = "AR_Friends-Attack.app"; sourceTree = BUILT_PRODUCTS_DIR; };
		9E21894320DC7B41008997FB /* AppDelegate.swift */ = {isa = PBXFileReference; lastKnownFileType = sourcecode.swift; path = AppDelegate.swift; sourceTree = "<group>"; };
		9E21894720DC7B41008997FB /* ViewController.swift */ = {isa = PBXFileReference; lastKnownFileType = sourcecode.swift; path = ViewController.swift; sourceTree = "<group>"; };
		9E21894A20DC7B41008997FB /* Base */ = {isa = PBXFileReference; lastKnownFileType = file.storyboard; name = Base; path = Base.lproj/Main.storyboard; sourceTree = "<group>"; };
		9E21894C20DC7B43008997FB /* Assets.xcassets */ = {isa = PBXFileReference; lastKnownFileType = folder.assetcatalog; path = Assets.xcassets; sourceTree = "<group>"; };
		9E21894F20DC7B43008997FB /* Base */ = {isa = PBXFileReference; lastKnownFileType = file.storyboard; name = Base; path = Base.lproj/LaunchScreen.storyboard; sourceTree = "<group>"; };
		9E21895120DC7B43008997FB /* Info.plist */ = {isa = PBXFileReference; lastKnownFileType = text.plist.xml; path = Info.plist; sourceTree = "<group>"; };
		9E21895720DC7C3C008997FB /* target.scnassets */ = {isa = PBXFileReference; lastKnownFileType = wrapper.scnassets; path = target.scnassets; sourceTree = "<group>"; };
		9E2AE56F20ECBF0B00AA54B9 /* StartViewController.swift */ = {isa = PBXFileReference; lastKnownFileType = sourcecode.swift; path = StartViewController.swift; sourceTree = "<group>"; };
		9E2AE57120ECBF3200AA54B9 /* FriendsViewController.swift */ = {isa = PBXFileReference; lastKnownFileType = sourcecode.swift; path = FriendsViewController.swift; sourceTree = "<group>"; };
		9EB2DF28210F1ED400444981 /* FriendsCollectionViewCell.swift */ = {isa = PBXFileReference; lastKnownFileType = sourcecode.swift; path = FriendsCollectionViewCell.swift; sourceTree = "<group>"; };
		9EBD7F9E21201A5A001B0C81 /* AddFriendSecondViewController.swift */ = {isa = PBXFileReference; lastKnownFileType = sourcecode.swift; path = AddFriendSecondViewController.swift; sourceTree = "<group>"; };
		9EC06F7620DE265A00138175 /* GameManager.swift */ = {isa = PBXFileReference; lastKnownFileType = sourcecode.swift; path = GameManager.swift; sourceTree = "<group>"; };
		9EDC978E212179EF008B2EAD /* FriendsModel.xcdatamodel */ = {isa = PBXFileReference; lastKnownFileType = wrapper.xcdatamodel; path = FriendsModel.xcdatamodel; sourceTree = "<group>"; };
/* End PBXFileReference section */

/* Begin PBXFrameworksBuildPhase section */
		9E21893D20DC7B41008997FB /* Frameworks */ = {
			isa = PBXFrameworksBuildPhase;
			buildActionMask = 2147483647;
			files = (
			);
			runOnlyForDeploymentPostprocessing = 0;
		};
/* End PBXFrameworksBuildPhase section */

/* Begin PBXGroup section */
		9E21893720DC7B41008997FB = {
			isa = PBXGroup;
			children = (
				9E21894220DC7B41008997FB /* AR_Friends-Attack */,
				9E21894120DC7B41008997FB /* Products */,
			);
			sourceTree = "<group>";
		};
		9E21894120DC7B41008997FB /* Products */ = {
			isa = PBXGroup;
			children = (
				9E21894020DC7B41008997FB /* AR_Friends-Attack.app */,
			);
			name = Products;
			sourceTree = "<group>";
		};
		9E21894220DC7B41008997FB /* AR_Friends-Attack */ = {
			isa = PBXGroup;
			children = (
				9ED56CA421BBB64600B1C7E8 /* Controllers */,
				9E2AE56F20ECBF0B00AA54B9 /* StartViewController.swift */,
				9E2AE57120ECBF3200AA54B9 /* FriendsViewController.swift */,
				9EDC978C212179D1008B2EAD /* CoreData */,
				9EB2DF28210F1ED400444981 /* FriendsCollectionViewCell.swift */,
				9E21894320DC7B41008997FB /* AppDelegate.swift */,
				9E21894720DC7B41008997FB /* ViewController.swift */,
				9EC06F7620DE265A00138175 /* GameManager.swift */,
				9E21894920DC7B41008997FB /* Main.storyboard */,
				9E21894C20DC7B43008997FB /* Assets.xcassets */,
				9E21894E20DC7B43008997FB /* LaunchScreen.storyboard */,
				9E21895120DC7B43008997FB /* Info.plist */,
				9E21895720DC7C3C008997FB /* target.scnassets */,
				9E07BC3B20ECF00700A26584 /* FriendDetailViewController.swift */,
				9E07BC3D20ECF06900A26584 /* AddFriendViewController.swift */,
				9EBD7F9E21201A5A001B0C81 /* AddFriendSecondViewController.swift */,
			);
			path = "AR_Friends-Attack";
			sourceTree = "<group>";
		};
		9ED56CA421BBB64600B1C7E8 /* Controllers */ = {
			isa = PBXGroup;
			children = (
			);
			path = Controllers;
			sourceTree = "<group>";
		};
		9EDC978C212179D1008B2EAD /* CoreData */ = {
			isa = PBXGroup;
			children = (
				9EDC978D212179EF008B2EAD /* FriendsModel.xcdatamodeld */,
			);
			path = CoreData;
			sourceTree = "<group>";
		};
/* End PBXGroup section */

/* Begin PBXNativeTarget section */
		9E21893F20DC7B41008997FB /* AR_Friends-Attack */ = {
			isa = PBXNativeTarget;
			buildConfigurationList = 9E21895420DC7B43008997FB /* Build configuration list for PBXNativeTarget "AR_Friends-Attack" */;
			buildPhases = (
				9E21893C20DC7B41008997FB /* Sources */,
				9E21893D20DC7B41008997FB /* Frameworks */,
				9E21893E20DC7B41008997FB /* Resources */,
			);
			buildRules = (
			);
			dependencies = (
			);
			name = "AR_Friends-Attack";
			productName = "AR_Friends-Attack";
			productReference = 9E21894020DC7B41008997FB /* AR_Friends-Attack.app */;
			productType = "com.apple.product-type.application";
		};
/* End PBXNativeTarget section */

/* Begin PBXProject section */
		9E21893820DC7B41008997FB /* Project object */ = {
			isa = PBXProject;
			attributes = {
				LastSwiftUpdateCheck = 0940;
				LastUpgradeCheck = 0940;
				ORGANIZATIONNAME = JasonMac;
				TargetAttributes = {
					9E21893F20DC7B41008997FB = {
						CreatedOnToolsVersion = 9.4;
					};
				};
			};
			buildConfigurationList = 9E21893B20DC7B41008997FB /* Build configuration list for PBXProject "AR_Friends-Attack" */;
			compatibilityVersion = "Xcode 9.3";
			developmentRegion = en;
			hasScannedForEncodings = 0;
			knownRegions = (
				en,
				Base,
			);
			mainGroup = 9E21893720DC7B41008997FB;
			productRefGroup = 9E21894120DC7B41008997FB /* Products */;
			projectDirPath = "";
			projectRoot = "";
			targets = (
				9E21893F20DC7B41008997FB /* AR_Friends-Attack */,
			);
		};
/* End PBXProject section */

/* Begin PBXResourcesBuildPhase section */
		9E21893E20DC7B41008997FB /* Resources */ = {
			isa = PBXResourcesBuildPhase;
			buildActionMask = 2147483647;
			files = (
				9E21895020DC7B43008997FB /* LaunchScreen.storyboard in Resources */,
				9E21894D20DC7B43008997FB /* Assets.xcassets in Resources */,
				9E21895820DC7C3C008997FB /* target.scnassets in Resources */,
				9E21894B20DC7B41008997FB /* Main.storyboard in Resources */,
			);
			runOnlyForDeploymentPostprocessing = 0;
		};
/* End PBXResourcesBuildPhase section */

/* Begin PBXSourcesBuildPhase section */
		9E21893C20DC7B41008997FB /* Sources */ = {
			isa = PBXSourcesBuildPhase;
			buildActionMask = 2147483647;
			files = (
				9EB2DF29210F1ED400444981 /* FriendsCollectionViewCell.swift in Sources */,
				9EBD7F9F21201A5A001B0C81 /* AddFriendSecondViewController.swift in Sources */,
				9E21894820DC7B41008997FB /* ViewController.swift in Sources */,
				9E07BC3E20ECF06900A26584 /* AddFriendViewController.swift in Sources */,
				9E2AE57220ECBF3200AA54B9 /* FriendsViewController.swift in Sources */,
				9E07BC3C20ECF00700A26584 /* FriendDetailViewController.swift in Sources */,
				9E2AE57020ECBF0B00AA54B9 /* StartViewController.swift in Sources */,
				9EC06F7720DE265A00138175 /* GameManager.swift in Sources */,
				9E21894420DC7B41008997FB /* AppDelegate.swift in Sources */,
				9EDC97912121A6AF008B2EAD /* FriendsModel.xcdatamodeld in Sources */,
			);
			runOnlyForDeploymentPostprocessing = 0;
		};
/* End PBXSourcesBuildPhase section */

/* Begin PBXVariantGroup section */
		9E21894920DC7B41008997FB /* Main.storyboard */ = {
			isa = PBXVariantGroup;
			children = (
				9E21894A20DC7B41008997FB /* Base */,
			);
			name = Main.storyboard;
			sourceTree = "<group>";
		};
		9E21894E20DC7B43008997FB /* LaunchScreen.storyboard */ = {
			isa = PBXVariantGroup;
			children = (
				9E21894F20DC7B43008997FB /* Base */,
			);
			name = LaunchScreen.storyboard;
			sourceTree = "<group>";
		};
/* End PBXVariantGroup section */

/* Begin XCBuildConfiguration section */
		9E21895220DC7B43008997FB /* Debug */ = {
			isa = XCBuildConfiguration;
			buildSettings = {
				ALWAYS_SEARCH_USER_PATHS = NO;
				CLANG_ANALYZER_NONNULL = YES;
				CLANG_ANALYZER_NUMBER_OBJECT_CONVERSION = YES_AGGRESSIVE;
				CLANG_CXX_LANGUAGE_STANDARD = "gnu++14";
				CLANG_CXX_LIBRARY = "libc++";
				CLANG_ENABLE_MODULES = YES;
				CLANG_ENABLE_OBJC_ARC = YES;
				CLANG_ENABLE_OBJC_WEAK = YES;
				CLANG_WARN_BLOCK_CAPTURE_AUTORELEASING = YES;
				CLANG_WARN_BOOL_CONVERSION = YES;
				CLANG_WARN_COMMA = YES;
				CLANG_WARN_CONSTANT_CONVERSION = YES;
				CLANG_WARN_DEPRECATED_OBJC_IMPLEMENTATIONS = YES;
				CLANG_WARN_DIRECT_OBJC_ISA_USAGE = YES_ERROR;
				CLANG_WARN_DOCUMENTATION_COMMENTS = YES;
				CLANG_WARN_EMPTY_BODY = YES;
				CLANG_WARN_ENUM_CONVERSION = YES;
				CLANG_WARN_INFINITE_RECURSION = YES;
				CLANG_WARN_INT_CONVERSION = YES;
				CLANG_WARN_NON_LITERAL_NULL_CONVERSION = YES;
				CLANG_WARN_OBJC_IMPLICIT_RETAIN_SELF = YES;
				CLANG_WARN_OBJC_LITERAL_CONVERSION = YES;
				CLANG_WARN_OBJC_ROOT_CLASS = YES_ERROR;
				CLANG_WARN_RANGE_LOOP_ANALYSIS = YES;
				CLANG_WARN_STRICT_PROTOTYPES = YES;
				CLANG_WARN_SUSPICIOUS_MOVE = YES;
				CLANG_WARN_UNGUARDED_AVAILABILITY = YES_AGGRESSIVE;
				CLANG_WARN_UNREACHABLE_CODE = YES;
				CLANG_WARN__DUPLICATE_METHOD_MATCH = YES;
				CODE_SIGN_IDENTITY = "iPhone Developer";
				COPY_PHASE_STRIP = NO;
				DEBUG_INFORMATION_FORMAT = dwarf;
				ENABLE_STRICT_OBJC_MSGSEND = YES;
				ENABLE_TESTABILITY = YES;
				GCC_C_LANGUAGE_STANDARD = gnu11;
				GCC_DYNAMIC_NO_PIC = NO;
				GCC_NO_COMMON_BLOCKS = YES;
				GCC_OPTIMIZATION_LEVEL = 0;
				GCC_PREPROCESSOR_DEFINITIONS = (
					"DEBUG=1",
					"$(inherited)",
				);
				GCC_WARN_64_TO_32_BIT_CONVERSION = YES;
				GCC_WARN_ABOUT_RETURN_TYPE = YES_ERROR;
				GCC_WARN_UNDECLARED_SELECTOR = YES;
				GCC_WARN_UNINITIALIZED_AUTOS = YES_AGGRESSIVE;
				GCC_WARN_UNUSED_FUNCTION = YES;
				GCC_WARN_UNUSED_VARIABLE = YES;
				IPHONEOS_DEPLOYMENT_TARGET = 11.4;
				MTL_ENABLE_DEBUG_INFO = YES;
				ONLY_ACTIVE_ARCH = YES;
				SDKROOT = iphoneos;
				SWIFT_ACTIVE_COMPILATION_CONDITIONS = DEBUG;
				SWIFT_OPTIMIZATION_LEVEL = "-Onone";
			};
			name = Debug;
		};
		9E21895320DC7B43008997FB /* Release */ = {
			isa = XCBuildConfiguration;
			buildSettings = {
				ALWAYS_SEARCH_USER_PATHS = NO;
				CLANG_ANALYZER_NONNULL = YES;
				CLANG_ANALYZER_NUMBER_OBJECT_CONVERSION = YES_AGGRESSIVE;
				CLANG_CXX_LANGUAGE_STANDARD = "gnu++14";
				CLANG_CXX_LIBRARY = "libc++";
				CLANG_ENABLE_MODULES = YES;
				CLANG_ENABLE_OBJC_ARC = YES;
				CLANG_ENABLE_OBJC_WEAK = YES;
				CLANG_WARN_BLOCK_CAPTURE_AUTORELEASING = YES;
				CLANG_WARN_BOOL_CONVERSION = YES;
				CLANG_WARN_COMMA = YES;
				CLANG_WARN_CONSTANT_CONVERSION = YES;
				CLANG_WARN_DEPRECATED_OBJC_IMPLEMENTATIONS = YES;
				CLANG_WARN_DIRECT_OBJC_ISA_USAGE = YES_ERROR;
				CLANG_WARN_DOCUMENTATION_COMMENTS = YES;
				CLANG_WARN_EMPTY_BODY = YES;
				CLANG_WARN_ENUM_CONVERSION = YES;
				CLANG_WARN_INFINITE_RECURSION = YES;
				CLANG_WARN_INT_CONVERSION = YES;
				CLANG_WARN_NON_LITERAL_NULL_CONVERSION = YES;
				CLANG_WARN_OBJC_IMPLICIT_RETAIN_SELF = YES;
				CLANG_WARN_OBJC_LITERAL_CONVERSION = YES;
				CLANG_WARN_OBJC_ROOT_CLASS = YES_ERROR;
				CLANG_WARN_RANGE_LOOP_ANALYSIS = YES;
				CLANG_WARN_STRICT_PROTOTYPES = YES;
				CLANG_WARN_SUSPICIOUS_MOVE = YES;
				CLANG_WARN_UNGUARDED_AVAILABILITY = YES_AGGRESSIVE;
				CLANG_WARN_UNREACHABLE_CODE = YES;
				CLANG_WARN__DUPLICATE_METHOD_MATCH = YES;
				CODE_SIGN_IDENTITY = "iPhone Developer";
				COPY_PHASE_STRIP = NO;
				DEBUG_INFORMATION_FORMAT = "dwarf-with-dsym";
				ENABLE_NS_ASSERTIONS = NO;
				ENABLE_STRICT_OBJC_MSGSEND = YES;
				GCC_C_LANGUAGE_STANDARD = gnu11;
				GCC_NO_COMMON_BLOCKS = YES;
				GCC_WARN_64_TO_32_BIT_CONVERSION = YES;
				GCC_WARN_ABOUT_RETURN_TYPE = YES_ERROR;
				GCC_WARN_UNDECLARED_SELECTOR = YES;
				GCC_WARN_UNINITIALIZED_AUTOS = YES_AGGRESSIVE;
				GCC_WARN_UNUSED_FUNCTION = YES;
				GCC_WARN_UNUSED_VARIABLE = YES;
				IPHONEOS_DEPLOYMENT_TARGET = 11.4;
				MTL_ENABLE_DEBUG_INFO = NO;
				SDKROOT = iphoneos;
				SWIFT_COMPILATION_MODE = wholemodule;
				SWIFT_OPTIMIZATION_LEVEL = "-O";
				VALIDATE_PRODUCT = YES;
			};
			name = Release;
		};
		9E21895520DC7B43008997FB /* Debug */ = {
			isa = XCBuildConfiguration;
			buildSettings = {
				ASSETCATALOG_COMPILER_APPICON_NAME = AppIcon;
				CODE_SIGN_STYLE = Automatic;
				DEVELOPMENT_TEAM = EUFCY3UFR6;
				INFOPLIST_FILE = "AR_Friends-Attack/Info.plist";
				LD_RUNPATH_SEARCH_PATHS = (
					"$(inherited)",
					"@executable_path/Frameworks",
				);
				PRODUCT_BUNDLE_IDENTIFIER = "Jason.AR-Friends-Attack";
				PRODUCT_NAME = "$(TARGET_NAME)";
				SWIFT_VERSION = 4.0;
				TARGETED_DEVICE_FAMILY = "1,2";
			};
			name = Debug;
		};
		9E21895620DC7B43008997FB /* Release */ = {
			isa = XCBuildConfiguration;
			buildSettings = {
				ASSETCATALOG_COMPILER_APPICON_NAME = AppIcon;
				CODE_SIGN_STYLE = Automatic;
				DEVELOPMENT_TEAM = EUFCY3UFR6;
				INFOPLIST_FILE = "AR_Friends-Attack/Info.plist";
				LD_RUNPATH_SEARCH_PATHS = (
					"$(inherited)",
					"@executable_path/Frameworks",
				);
				PRODUCT_BUNDLE_IDENTIFIER = "Jason.AR-Friends-Attack";
				PRODUCT_NAME = "$(TARGET_NAME)";
				SWIFT_VERSION = 4.0;
				TARGETED_DEVICE_FAMILY = "1,2";
			};
			name = Release;
		};
/* End XCBuildConfiguration section */

/* Begin XCConfigurationList section */
		9E21893B20DC7B41008997FB /* Build configuration list for PBXProject "AR_Friends-Attack" */ = {
			isa = XCConfigurationList;
			buildConfigurations = (
				9E21895220DC7B43008997FB /* Debug */,
				9E21895320DC7B43008997FB /* Release */,
			);
			defaultConfigurationIsVisible = 0;
			defaultConfigurationName = Release;
		};
		9E21895420DC7B43008997FB /* Build configuration list for PBXNativeTarget "AR_Friends-Attack" */ = {
			isa = XCConfigurationList;
			buildConfigurations = (
				9E21895520DC7B43008997FB /* Debug */,
				9E21895620DC7B43008997FB /* Release */,
			);
			defaultConfigurationIsVisible = 0;
			defaultConfigurationName = Release;
		};
/* End XCConfigurationList section */

/* Begin XCVersionGroup section */
		9EDC978D212179EF008B2EAD /* FriendsModel.xcdatamodeld */ = {
			isa = XCVersionGroup;
			children = (
				9EDC978E212179EF008B2EAD /* FriendsModel.xcdatamodel */,
			);
			currentVersion = 9EDC978E212179EF008B2EAD /* FriendsModel.xcdatamodel */;
			path = FriendsModel.xcdatamodeld;
			sourceTree = "<group>";
			versionGroupType = wrapper.xcdatamodel;
		};
/* End XCVersionGroup section */
	};
	rootObject = 9E21893820DC7B41008997FB /* Project object */;
}
