// !$*UTF8*$!
{
	archiveVersion = 1;
	classes = {
	};
	objectVersion = 50;
	objects = {

/* Begin PBXBuildFile section */
		9E02D86D226F2CD6005D4221 /* ARKit.framework in Frameworks */ = {isa = PBXBuildFile; fileRef = 9E02D86C226F2CD6005D4221 /* ARKit.framework */; };
		9E07BC3C20ECF00700A26584 /* FriendDetailViewController.swift in Sources */ = {isa = PBXBuildFile; fileRef = 9E07BC3B20ECF00700A26584 /* FriendDetailViewController.swift */; };
		9E07BC3E20ECF06900A26584 /* AddFriendViewController.swift in Sources */ = {isa = PBXBuildFile; fileRef = 9E07BC3D20ECF06900A26584 /* AddFriendViewController.swift */; };
		9E0A14FC227C58C4007ED3CB /* Assets.xcassets in Resources */ = {isa = PBXBuildFile; fileRef = 9E0A14FA227C58C4007ED3CB /* Assets.xcassets */; };
		9E0A14FE227C5D63007ED3CB /* HitSide.scnp in Resources */ = {isa = PBXBuildFile; fileRef = 9E0A14FD227C5D63007ED3CB /* HitSide.scnp */; };
		9E0F9407233106C0008A587E /* FriendsTableViewCell.swift in Sources */ = {isa = PBXBuildFile; fileRef = 9E0F9406233106C0008A587E /* FriendsTableViewCell.swift */; };
		9E21894420DC7B41008997FB /* AppDelegate.swift in Sources */ = {isa = PBXBuildFile; fileRef = 9E21894320DC7B41008997FB /* AppDelegate.swift */; };
		9E21894820DC7B41008997FB /* GameController.swift in Sources */ = {isa = PBXBuildFile; fileRef = 9E21894720DC7B41008997FB /* GameController.swift */; };
		9E21894B20DC7B41008997FB /* Main.storyboard in Resources */ = {isa = PBXBuildFile; fileRef = 9E21894920DC7B41008997FB /* Main.storyboard */; };
		9E21894D20DC7B43008997FB /* Assets.xcassets in Resources */ = {isa = PBXBuildFile; fileRef = 9E21894C20DC7B43008997FB /* Assets.xcassets */; };
		9E21895020DC7B43008997FB /* LaunchScreen.storyboard in Resources */ = {isa = PBXBuildFile; fileRef = 9E21894E20DC7B43008997FB /* LaunchScreen.storyboard */; };
		9E21895820DC7C3C008997FB /* target.scnassets in Resources */ = {isa = PBXBuildFile; fileRef = 9E21895720DC7C3C008997FB /* target.scnassets */; };
		9E2AE57020ECBF0B00AA54B9 /* StartViewController.swift in Sources */ = {isa = PBXBuildFile; fileRef = 9E2AE56F20ECBF0B00AA54B9 /* StartViewController.swift */; };
		9E2AE57220ECBF3200AA54B9 /* FriendsViewController.swift in Sources */ = {isa = PBXBuildFile; fileRef = 9E2AE57120ECBF3200AA54B9 /* FriendsViewController.swift */; };
		9E493CC7228D36AB0081FB0D /* ComicNeue-Angular_Oblique.otf in Resources */ = {isa = PBXBuildFile; fileRef = 9E493CBB228D36AA0081FB0D /* ComicNeue-Angular_Oblique.otf */; };
		9E493CC8228D36AB0081FB0D /* ComicNeue-Regular.otf in Resources */ = {isa = PBXBuildFile; fileRef = 9E493CBC228D36AA0081FB0D /* ComicNeue-Regular.otf */; };
		9E493CC9228D36AB0081FB0D /* ComicNeue_Oblique.otf in Resources */ = {isa = PBXBuildFile; fileRef = 9E493CBD228D36AA0081FB0D /* ComicNeue_Oblique.otf */; };
		9E493CCA228D36AB0081FB0D /* ComicNeue-Angular_Bold_Oblique.otf in Resources */ = {isa = PBXBuildFile; fileRef = 9E493CBE228D36AA0081FB0D /* ComicNeue-Angular_Bold_Oblique.otf */; };
		9E493CCB228D36AB0081FB0D /* ComicNeue_Light_Oblique.otf in Resources */ = {isa = PBXBuildFile; fileRef = 9E493CBF228D36AA0081FB0D /* ComicNeue_Light_Oblique.otf */; };
		9E493CCC228D36AB0081FB0D /* ComicNeue-Angular-Regular.otf in Resources */ = {isa = PBXBuildFile; fileRef = 9E493CC0228D36AA0081FB0D /* ComicNeue-Angular-Regular.otf */; };
		9E493CCD228D36AB0081FB0D /* ComicNeue_Bold_Oblique.otf in Resources */ = {isa = PBXBuildFile; fileRef = 9E493CC1228D36AA0081FB0D /* ComicNeue_Bold_Oblique.otf */; };
		9E493CCE228D36AB0081FB0D /* ComicNeue-Angular_Light.otf in Resources */ = {isa = PBXBuildFile; fileRef = 9E493CC2228D36AB0081FB0D /* ComicNeue-Angular_Light.otf */; };
		9E493CCF228D36AB0081FB0D /* ComicNeue_Bold.otf in Resources */ = {isa = PBXBuildFile; fileRef = 9E493CC3228D36AB0081FB0D /* ComicNeue_Bold.otf */; };
		9E493CD0228D36AB0081FB0D /* ComicNeue-Angular_Bold.otf in Resources */ = {isa = PBXBuildFile; fileRef = 9E493CC4228D36AB0081FB0D /* ComicNeue-Angular_Bold.otf */; };
		9E493CD1228D36AB0081FB0D /* ComicNeue_Light.otf in Resources */ = {isa = PBXBuildFile; fileRef = 9E493CC5228D36AB0081FB0D /* ComicNeue_Light.otf */; };
		9E493CD2228D36AB0081FB0D /* ComicNeue-Angular_Light_Oblique.otf in Resources */ = {isa = PBXBuildFile; fileRef = 9E493CC6228D36AB0081FB0D /* ComicNeue-Angular_Light_Oblique.otf */; };
		9E493CD4228D3B1C0081FB0D /* ScoreViewController.swift in Sources */ = {isa = PBXBuildFile; fileRef = 9E493CD3228D3B1C0081FB0D /* ScoreViewController.swift */; };
		9E8601E0233A6B8A0093219A /* Default-568h@2x.png in Resources */ = {isa = PBXBuildFile; fileRef = 9E8601DF233A6B8A0093219A /* Default-568h@2x.png */; };
		9E8601EC233A798B0093219A /* UIKit.framework in Frameworks */ = {isa = PBXBuildFile; fileRef = 9E8601EB233A798B0093219A /* UIKit.framework */; };
		9E8601ED233A7A970093219A /* UIKit.framework in Resources */ = {isa = PBXBuildFile; fileRef = 9E8601EB233A798B0093219A /* UIKit.framework */; };
		9E8601EE233A7AB40093219A /* AR_Friends_AttackTests.swift in Sources */ = {isa = PBXBuildFile; fileRef = 9E8601D0233A17BF0093219A /* AR_Friends_AttackTests.swift */; };
		9E8B89E923C5AF81003A5E14 /* Localizable.strings in Resources */ = {isa = PBXBuildFile; fileRef = 9E8B89EB23C5AF81003A5E14 /* Localizable.strings */; };
		9E96739523C76F5000688841 /* Impact.ttf in Resources */ = {isa = PBXBuildFile; fileRef = 9E96739423C76F4800688841 /* Impact.ttf */; };
		9E96739623C76F5300688841 /* GameCube.ttf in Resources */ = {isa = PBXBuildFile; fileRef = 9E96739323C76F4800688841 /* GameCube.ttf */; };
		9E9E6A00238E5EA90017D1B5 /* InfoViewController.swift in Sources */ = {isa = PBXBuildFile; fileRef = 9E9E69FF238E5EA90017D1B5 /* InfoViewController.swift */; };
		9EA0981423C8959000C8F116 /* shoot.mp4 in Resources */ = {isa = PBXBuildFile; fileRef = 9EA0981123C8958F00C8F116 /* shoot.mp4 */; };
		9EA0981523C8959000C8F116 /* Game_Tutorial.m4v in Resources */ = {isa = PBXBuildFile; fileRef = 9EA0981223C8959000C8F116 /* Game_Tutorial.m4v */; };
		9EA0981623C8959000C8F116 /* explosion.mp4 in Resources */ = {isa = PBXBuildFile; fileRef = 9EA0981323C8959000C8F116 /* explosion.mp4 */; };
		9EA0981823C8B10D00C8F116 /* Shojumaru-Regular.ttf in Resources */ = {isa = PBXBuildFile; fileRef = 9EA0981723C8B10D00C8F116 /* Shojumaru-Regular.ttf */; };
		9EB97CEF21BD2DC2009ED736 /* Extensions.swift in Sources */ = {isa = PBXBuildFile; fileRef = 9EB97CEE21BD2DC2009ED736 /* Extensions.swift */; };
		9EBD7F9F21201A5A001B0C81 /* AddFriendSecondViewController.swift in Sources */ = {isa = PBXBuildFile; fileRef = 9EBD7F9E21201A5A001B0C81 /* AddFriendSecondViewController.swift */; };
		9EC06F7720DE265A00138175 /* GameManager.swift in Sources */ = {isa = PBXBuildFile; fileRef = 9EC06F7620DE265A00138175 /* GameManager.swift */; };
		9ECD8EA7234C998F009FF474 /* TableViewCell.xib in Resources */ = {isa = PBXBuildFile; fileRef = 9ECD8EA5234C998F009FF474 /* TableViewCell.xib */; };
		9EDC97912121A6AF008B2EAD /* FriendsModel.xcdatamodeld in Sources */ = {isa = PBXBuildFile; fileRef = 9EDC978D212179EF008B2EAD /* FriendsModel.xcdatamodeld */; };
		9EEF01DA23321051005FE2BB /* Constants.swift in Sources */ = {isa = PBXBuildFile; fileRef = 9EEF01D923321051005FE2BB /* Constants.swift */; };
		9EFF18C423570CE4002A4258 /* HelperFunctions.swift in Sources */ = {isa = PBXBuildFile; fileRef = 9EFF18C323570CE4002A4258 /* HelperFunctions.swift */; };
/* End PBXBuildFile section */

/* Begin PBXContainerItemProxy section */
		9E8601D3233A17BF0093219A /* PBXContainerItemProxy */ = {
			isa = PBXContainerItemProxy;
			containerPortal = 9E21893820DC7B41008997FB /* Project object */;
			proxyType = 1;
			remoteGlobalIDString = 9E21893F20DC7B41008997FB;
			remoteInfo = "AR_Friends-Attack";
		};
/* End PBXContainerItemProxy section */

/* Begin PBXFileReference section */
		9E02D86C226F2CD6005D4221 /* ARKit.framework */ = {isa = PBXFileReference; lastKnownFileType = wrapper.framework; name = ARKit.framework; path = System/Library/Frameworks/ARKit.framework; sourceTree = SDKROOT; };
		9E07BC3B20ECF00700A26584 /* FriendDetailViewController.swift */ = {isa = PBXFileReference; lastKnownFileType = sourcecode.swift; path = FriendDetailViewController.swift; sourceTree = "<group>"; };
		9E07BC3D20ECF06900A26584 /* AddFriendViewController.swift */ = {isa = PBXFileReference; lastKnownFileType = sourcecode.swift; path = AddFriendViewController.swift; sourceTree = "<group>"; };
		9E0A14FA227C58C4007ED3CB /* Assets.xcassets */ = {isa = PBXFileReference; lastKnownFileType = folder.assetcatalog; name = Assets.xcassets; path = "AR_Friends-Attack/target.scnassets/Assets.xcassets"; sourceTree = "<group>"; };
		9E0A14FD227C5D63007ED3CB /* HitSide.scnp */ = {isa = PBXFileReference; lastKnownFileType = file.scp; name = HitSide.scnp; path = "AR_Friends-Attack/target.scnassets/HitSide.scnp"; sourceTree = "<group>"; };
		9E0F9406233106C0008A587E /* FriendsTableViewCell.swift */ = {isa = PBXFileReference; lastKnownFileType = sourcecode.swift; path = FriendsTableViewCell.swift; sourceTree = "<group>"; };
		9E21894020DC7B41008997FB /* FriendsAttack.app */ = {isa = PBXFileReference; explicitFileType = wrapper.application; includeInIndex = 0; path = FriendsAttack.app; sourceTree = BUILT_PRODUCTS_DIR; };
		9E21894320DC7B41008997FB /* AppDelegate.swift */ = {isa = PBXFileReference; lastKnownFileType = sourcecode.swift; path = AppDelegate.swift; sourceTree = "<group>"; };
		9E21894720DC7B41008997FB /* GameController.swift */ = {isa = PBXFileReference; lastKnownFileType = sourcecode.swift; path = GameController.swift; sourceTree = "<group>"; };
		9E21894A20DC7B41008997FB /* Base */ = {isa = PBXFileReference; lastKnownFileType = file.storyboard; name = Base; path = Base.lproj/Main.storyboard; sourceTree = "<group>"; };
		9E21894C20DC7B43008997FB /* Assets.xcassets */ = {isa = PBXFileReference; lastKnownFileType = folder.assetcatalog; path = Assets.xcassets; sourceTree = "<group>"; };
		9E21894F20DC7B43008997FB /* Base */ = {isa = PBXFileReference; lastKnownFileType = file.storyboard; name = Base; path = Base.lproj/LaunchScreen.storyboard; sourceTree = "<group>"; };
		9E21895120DC7B43008997FB /* Info.plist */ = {isa = PBXFileReference; lastKnownFileType = text.plist.xml; path = Info.plist; sourceTree = "<group>"; };
		9E21895720DC7C3C008997FB /* target.scnassets */ = {isa = PBXFileReference; lastKnownFileType = wrapper.scnassets; path = target.scnassets; sourceTree = "<group>"; };
		9E2AE56F20ECBF0B00AA54B9 /* StartViewController.swift */ = {isa = PBXFileReference; lastKnownFileType = sourcecode.swift; path = StartViewController.swift; sourceTree = "<group>"; };
		9E2AE57120ECBF3200AA54B9 /* FriendsViewController.swift */ = {isa = PBXFileReference; lastKnownFileType = sourcecode.swift; path = FriendsViewController.swift; sourceTree = "<group>"; };
		9E3966D1237A855A006E72CF /* facebook-swift-sdk-0.9.0.zip */ = {isa = PBXFileReference; lastKnownFileType = archive.zip; name = "facebook-swift-sdk-0.9.0.zip"; path = "../../Downloads/facebook-swift-sdk-0.9.0.zip"; sourceTree = "<group>"; };
		9E3966D2237A857C006E72CF /* facebook-swift-sdk-0.9.0 */ = {isa = PBXFileReference; lastKnownFileType = folder; name = "facebook-swift-sdk-0.9.0"; path = "../../Downloads/facebook-swift-sdk-0.9.0"; sourceTree = "<group>"; };
		9E3966D3237A85B8006E72CF /* FacebookShare.podspec */ = {isa = PBXFileReference; lastKnownFileType = text; name = FacebookShare.podspec; path = "../../Downloads/facebook-swift-sdk-0.9.0/FacebookShare.podspec"; sourceTree = "<group>"; };
		9E3966D4237A85B8006E72CF /* FacebookLogin.podspec */ = {isa = PBXFileReference; lastKnownFileType = text; name = FacebookLogin.podspec; path = "../../Downloads/facebook-swift-sdk-0.9.0/FacebookLogin.podspec"; sourceTree = "<group>"; };
		9E3966D5237A85B8006E72CF /* FacebookCore.podspec */ = {isa = PBXFileReference; lastKnownFileType = text; name = FacebookCore.podspec; path = "../../Downloads/facebook-swift-sdk-0.9.0/FacebookCore.podspec"; sourceTree = "<group>"; };
		9E493CBB228D36AA0081FB0D /* ComicNeue-Angular_Oblique.otf */ = {isa = PBXFileReference; lastKnownFileType = file; path = "ComicNeue-Angular_Oblique.otf"; sourceTree = "<group>"; };
		9E493CBC228D36AA0081FB0D /* ComicNeue-Regular.otf */ = {isa = PBXFileReference; lastKnownFileType = file; path = "ComicNeue-Regular.otf"; sourceTree = "<group>"; };
		9E493CBD228D36AA0081FB0D /* ComicNeue_Oblique.otf */ = {isa = PBXFileReference; lastKnownFileType = file; path = ComicNeue_Oblique.otf; sourceTree = "<group>"; };
		9E493CBE228D36AA0081FB0D /* ComicNeue-Angular_Bold_Oblique.otf */ = {isa = PBXFileReference; lastKnownFileType = file; path = "ComicNeue-Angular_Bold_Oblique.otf"; sourceTree = "<group>"; };
		9E493CBF228D36AA0081FB0D /* ComicNeue_Light_Oblique.otf */ = {isa = PBXFileReference; lastKnownFileType = file; path = ComicNeue_Light_Oblique.otf; sourceTree = "<group>"; };
		9E493CC0228D36AA0081FB0D /* ComicNeue-Angular-Regular.otf */ = {isa = PBXFileReference; lastKnownFileType = file; path = "ComicNeue-Angular-Regular.otf"; sourceTree = "<group>"; };
		9E493CC1228D36AA0081FB0D /* ComicNeue_Bold_Oblique.otf */ = {isa = PBXFileReference; lastKnownFileType = file; path = ComicNeue_Bold_Oblique.otf; sourceTree = "<group>"; };
		9E493CC2228D36AB0081FB0D /* ComicNeue-Angular_Light.otf */ = {isa = PBXFileReference; lastKnownFileType = file; path = "ComicNeue-Angular_Light.otf"; sourceTree = "<group>"; };
		9E493CC3228D36AB0081FB0D /* ComicNeue_Bold.otf */ = {isa = PBXFileReference; lastKnownFileType = file; path = ComicNeue_Bold.otf; sourceTree = "<group>"; };
		9E493CC4228D36AB0081FB0D /* ComicNeue-Angular_Bold.otf */ = {isa = PBXFileReference; lastKnownFileType = file; path = "ComicNeue-Angular_Bold.otf"; sourceTree = "<group>"; };
		9E493CC5228D36AB0081FB0D /* ComicNeue_Light.otf */ = {isa = PBXFileReference; lastKnownFileType = file; path = ComicNeue_Light.otf; sourceTree = "<group>"; };
		9E493CC6228D36AB0081FB0D /* ComicNeue-Angular_Light_Oblique.otf */ = {isa = PBXFileReference; lastKnownFileType = file; path = "ComicNeue-Angular_Light_Oblique.otf"; sourceTree = "<group>"; };
		9E493CD3228D3B1C0081FB0D /* ScoreViewController.swift */ = {isa = PBXFileReference; lastKnownFileType = sourcecode.swift; path = ScoreViewController.swift; sourceTree = "<group>"; };
		9E77641F237A7FEC00C15BE6 /* FBSDKCoreKit.framework */ = {isa = PBXFileReference; explicitFileType = wrapper.framework; path = FBSDKCoreKit.framework; sourceTree = BUILT_PRODUCTS_DIR; };
		9E776420237A7FEC00C15BE6 /* FBSDKShareKit.framework */ = {isa = PBXFileReference; explicitFileType = wrapper.framework; path = FBSDKShareKit.framework; sourceTree = BUILT_PRODUCTS_DIR; };
		9E8601CE233A17BF0093219A /* FriendsAttackTests.xctest */ = {isa = PBXFileReference; explicitFileType = wrapper.cfbundle; includeInIndex = 0; path = FriendsAttackTests.xctest; sourceTree = BUILT_PRODUCTS_DIR; };
		9E8601D0233A17BF0093219A /* AR_Friends_AttackTests.swift */ = {isa = PBXFileReference; lastKnownFileType = sourcecode.swift; path = AR_Friends_AttackTests.swift; sourceTree = "<group>"; };
		9E8601D2233A17BF0093219A /* Info.plist */ = {isa = PBXFileReference; lastKnownFileType = text.plist.xml; path = Info.plist; sourceTree = "<group>"; };
		9E8601DF233A6B8A0093219A /* Default-568h@2x.png */ = {isa = PBXFileReference; lastKnownFileType = image.png; path = "Default-568h@2x.png"; sourceTree = "<group>"; };
		9E8601E1233A749A0093219A /* SceneKit.framework */ = {isa = PBXFileReference; lastKnownFileType = wrapper.framework; name = SceneKit.framework; path = System/Library/Frameworks/SceneKit.framework; sourceTree = SDKROOT; };
		9E8601EB233A798B0093219A /* UIKit.framework */ = {isa = PBXFileReference; lastKnownFileType = wrapper.framework; name = UIKit.framework; path = System/Library/Frameworks/UIKit.framework; sourceTree = SDKROOT; };
		9E8B89EA23C5AF81003A5E14 /* en */ = {isa = PBXFileReference; lastKnownFileType = text.plist.strings; name = en; path = en.lproj/Localizable.strings; sourceTree = "<group>"; };
		9E8B89ED23C5C650003A5E14 /* zh-Hans */ = {isa = PBXFileReference; lastKnownFileType = text.plist.strings; name = "zh-Hans"; path = "zh-Hans.lproj/LaunchScreen.strings"; sourceTree = "<group>"; };
		9E8B89EE23C5C650003A5E14 /* zh-Hans */ = {isa = PBXFileReference; lastKnownFileType = text.plist.strings; name = "zh-Hans"; path = "zh-Hans.lproj/Main.strings"; sourceTree = "<group>"; };
		9E8B89EF23C5C650003A5E14 /* zh-Hans */ = {isa = PBXFileReference; lastKnownFileType = text.plist.strings; name = "zh-Hans"; path = "zh-Hans.lproj/Localizable.strings"; sourceTree = "<group>"; };
		9E8B89F023C5C65C003A5E14 /* th */ = {isa = PBXFileReference; lastKnownFileType = text.plist.strings; name = th; path = th.lproj/LaunchScreen.strings; sourceTree = "<group>"; };
		9E8B89F123C5C65C003A5E14 /* th */ = {isa = PBXFileReference; lastKnownFileType = text.plist.strings; name = th; path = th.lproj/Main.strings; sourceTree = "<group>"; };
		9E8B89F223C5C65C003A5E14 /* th */ = {isa = PBXFileReference; lastKnownFileType = text.plist.strings; name = th; path = th.lproj/Localizable.strings; sourceTree = "<group>"; };
		9E8B89F323C5C665003A5E14 /* ko */ = {isa = PBXFileReference; lastKnownFileType = text.plist.strings; name = ko; path = ko.lproj/LaunchScreen.strings; sourceTree = "<group>"; };
		9E8B89F423C5C665003A5E14 /* ko */ = {isa = PBXFileReference; lastKnownFileType = text.plist.strings; name = ko; path = ko.lproj/Main.strings; sourceTree = "<group>"; };
		9E8B89F523C5C665003A5E14 /* ko */ = {isa = PBXFileReference; lastKnownFileType = text.plist.strings; name = ko; path = ko.lproj/Localizable.strings; sourceTree = "<group>"; };
		9E96738F23C7364100688841 /* GameCube.ttf */ = {isa = PBXFileReference; lastKnownFileType = file; name = GameCube.ttf; path = ../../../Downloads/GameCube.ttf; sourceTree = "<group>"; };
		9E96739023C745C400688841 /* Impact.ttf */ = {isa = PBXFileReference; lastKnownFileType = file; name = Impact.ttf; path = ../../../../../System/Library/Fonts/Supplemental/Impact.ttf; sourceTree = "<group>"; };
		9E96739323C76F4800688841 /* GameCube.ttf */ = {isa = PBXFileReference; lastKnownFileType = file; path = GameCube.ttf; sourceTree = "<group>"; };
		9E96739423C76F4800688841 /* Impact.ttf */ = {isa = PBXFileReference; lastKnownFileType = file; path = Impact.ttf; sourceTree = "<group>"; };
		9E9E69FF238E5EA90017D1B5 /* InfoViewController.swift */ = {isa = PBXFileReference; lastKnownFileType = sourcecode.swift; path = InfoViewController.swift; sourceTree = "<group>"; };
		9EA0980E23C894DE00C8F116 /* Game_Tutorial.mov */ = {isa = PBXFileReference; lastKnownFileType = video.quicktime; name = Game_Tutorial.mov; path = ../../Desktop/Game/Game_Tutorial.mov; sourceTree = "<group>"; };
		9EA0980F23C894DE00C8F116 /* shoot.mp4 */ = {isa = PBXFileReference; lastKnownFileType = file; name = shoot.mp4; path = ../../Desktop/Game/shoot.mp4; sourceTree = "<group>"; };
		9EA0981023C894DE00C8F116 /* explosion.mp4 */ = {isa = PBXFileReference; lastKnownFileType = file; name = explosion.mp4; path = ../../Desktop/Game/explosion.mp4; sourceTree = "<group>"; };
		9EA0981123C8958F00C8F116 /* shoot.mp4 */ = {isa = PBXFileReference; lastKnownFileType = file; path = shoot.mp4; sourceTree = "<group>"; };
		9EA0981223C8959000C8F116 /* Game_Tutorial.m4v */ = {isa = PBXFileReference; lastKnownFileType = file; path = Game_Tutorial.m4v; sourceTree = "<group>"; };
		9EA0981323C8959000C8F116 /* explosion.mp4 */ = {isa = PBXFileReference; lastKnownFileType = file; path = explosion.mp4; sourceTree = "<group>"; };
		9EA0981723C8B10D00C8F116 /* Shojumaru-Regular.ttf */ = {isa = PBXFileReference; lastKnownFileType = file; path = "Shojumaru-Regular.ttf"; sourceTree = "<group>"; };
		9EB97CEE21BD2DC2009ED736 /* Extensions.swift */ = {isa = PBXFileReference; lastKnownFileType = sourcecode.swift; path = Extensions.swift; sourceTree = "<group>"; };
		9EBD7F9E21201A5A001B0C81 /* AddFriendSecondViewController.swift */ = {isa = PBXFileReference; lastKnownFileType = sourcecode.swift; path = AddFriendSecondViewController.swift; sourceTree = "<group>"; };
		9EC06F7620DE265A00138175 /* GameManager.swift */ = {isa = PBXFileReference; lastKnownFileType = sourcecode.swift; path = GameManager.swift; sourceTree = "<group>"; };
		9ECD8EA5234C998F009FF474 /* TableViewCell.xib */ = {isa = PBXFileReference; lastKnownFileType = file.xib; path = TableViewCell.xib; sourceTree = "<group>"; };
		9EDC978E212179EF008B2EAD /* FriendsModel.xcdatamodel */ = {isa = PBXFileReference; lastKnownFileType = wrapper.xcdatamodel; path = FriendsModel.xcdatamodel; sourceTree = "<group>"; };
		9EEF01D923321051005FE2BB /* Constants.swift */ = {isa = PBXFileReference; lastKnownFileType = sourcecode.swift; path = Constants.swift; sourceTree = "<group>"; };
		9EFF18C323570CE4002A4258 /* HelperFunctions.swift */ = {isa = PBXFileReference; lastKnownFileType = sourcecode.swift; path = HelperFunctions.swift; sourceTree = "<group>"; };
/* End PBXFileReference section */

/* Begin PBXFrameworksBuildPhase section */
		9E21893D20DC7B41008997FB /* Frameworks */ = {
			isa = PBXFrameworksBuildPhase;
			buildActionMask = 2147483647;
			files = (
				9E02D86D226F2CD6005D4221 /* ARKit.framework in Frameworks */,
			);
			runOnlyForDeploymentPostprocessing = 0;
		};
		9E8601CB233A17BF0093219A /* Frameworks */ = {
			isa = PBXFrameworksBuildPhase;
			buildActionMask = 2147483647;
			files = (
				9E8601EC233A798B0093219A /* UIKit.framework in Frameworks */,
			);
			runOnlyForDeploymentPostprocessing = 0;
		};
/* End PBXFrameworksBuildPhase section */

/* Begin PBXGroup section */
		6B5F796EC66B85E7AABACCE7 /* Pods */ = {
			isa = PBXGroup;
			children = (
			);
			path = Pods;
			sourceTree = "<group>";
		};
		9E02D86B226F2CD6005D4221 /* Frameworks */ = {
			isa = PBXGroup;
			children = (
				9EA0981023C894DE00C8F116 /* explosion.mp4 */,
				9EA0980E23C894DE00C8F116 /* Game_Tutorial.mov */,
				9EA0980F23C894DE00C8F116 /* shoot.mp4 */,
				9E3966D5237A85B8006E72CF /* FacebookCore.podspec */,
				9E3966D4237A85B8006E72CF /* FacebookLogin.podspec */,
				9E3966D3237A85B8006E72CF /* FacebookShare.podspec */,
				9E3966D2237A857C006E72CF /* facebook-swift-sdk-0.9.0 */,
				9E3966D1237A855A006E72CF /* facebook-swift-sdk-0.9.0.zip */,
				9E77641F237A7FEC00C15BE6 /* FBSDKCoreKit.framework */,
				9E776420237A7FEC00C15BE6 /* FBSDKShareKit.framework */,
				9E8601EB233A798B0093219A /* UIKit.framework */,
				9E8601E1233A749A0093219A /* SceneKit.framework */,
				9E02D86C226F2CD6005D4221 /* ARKit.framework */,
			);
			name = Frameworks;
			sourceTree = "<group>";
		};
		9E21893720DC7B41008997FB = {
			isa = PBXGroup;
			children = (
				9E8B89EB23C5AF81003A5E14 /* Localizable.strings */,
				9E21894220DC7B41008997FB /* AR_Friends-Attack */,
				9E8601CF233A17BF0093219A /* AR_Friends-AttackTests */,
				9E36513F239FB96F00534569 /* Audio */,
				9E493CBA228D365D0081FB0D /* Fonts */,
				9E02D86B226F2CD6005D4221 /* Frameworks */,
				6B5F796EC66B85E7AABACCE7 /* Pods */,
				9E21894120DC7B41008997FB /* Products */,
				9E0A14FA227C58C4007ED3CB /* Assets.xcassets */,
				9E8601DF233A6B8A0093219A /* Default-568h@2x.png */,
				9E0A14FD227C5D63007ED3CB /* HitSide.scnp */,
			);
			sourceTree = "<group>";
		};
		9E21894120DC7B41008997FB /* Products */ = {
			isa = PBXGroup;
			children = (
				9E21894020DC7B41008997FB /* FriendsAttack.app */,
				9E8601CE233A17BF0093219A /* FriendsAttackTests.xctest */,
			);
			name = Products;
			sourceTree = "<group>";
		};
		9E21894220DC7B41008997FB /* AR_Friends-Attack */ = {
			isa = PBXGroup;
			children = (
				9ED56CA421BBB64600B1C7E8 /* Controllers */,
				9EDC978C212179D1008B2EAD /* CoreData */,
				9E49E68E2341FDD00020DCB4 /* Model */,
				9E86D10023A7585000469BD4 /* Views */,
				9E21894C20DC7B43008997FB /* Assets.xcassets */,
				9E21895120DC7B43008997FB /* Info.plist */,
				9E96738F23C7364100688841 /* GameCube.ttf */,
				9E96739023C745C400688841 /* Impact.ttf */,
				9E21894E20DC7B43008997FB /* LaunchScreen.storyboard */,
				9E21894920DC7B41008997FB /* Main.storyboard */,
				9E21895720DC7C3C008997FB /* target.scnassets */,
			);
			path = "AR_Friends-Attack";
			sourceTree = "<group>";
		};
		9E36513F239FB96F00534569 /* Audio */ = {
			isa = PBXGroup;
			children = (
				9EA0981323C8959000C8F116 /* explosion.mp4 */,
				9EA0981223C8959000C8F116 /* Game_Tutorial.m4v */,
				9EA0981123C8958F00C8F116 /* shoot.mp4 */,
			);
			path = Audio;
			sourceTree = "<group>";
		};
		9E493CBA228D365D0081FB0D /* Fonts */ = {
			isa = PBXGroup;
			children = (
				9EA0981723C8B10D00C8F116 /* Shojumaru-Regular.ttf */,
				9E493CC0228D36AA0081FB0D /* ComicNeue-Angular-Regular.otf */,
				9E96739323C76F4800688841 /* GameCube.ttf */,
				9E96739423C76F4800688841 /* Impact.ttf */,
				9E493CC4228D36AB0081FB0D /* ComicNeue-Angular_Bold.otf */,
				9E493CBE228D36AA0081FB0D /* ComicNeue-Angular_Bold_Oblique.otf */,
				9E493CC2228D36AB0081FB0D /* ComicNeue-Angular_Light.otf */,
				9E493CC6228D36AB0081FB0D /* ComicNeue-Angular_Light_Oblique.otf */,
				9E493CBB228D36AA0081FB0D /* ComicNeue-Angular_Oblique.otf */,
				9E493CBC228D36AA0081FB0D /* ComicNeue-Regular.otf */,
				9E493CC3228D36AB0081FB0D /* ComicNeue_Bold.otf */,
				9E493CC1228D36AA0081FB0D /* ComicNeue_Bold_Oblique.otf */,
				9E493CC5228D36AB0081FB0D /* ComicNeue_Light.otf */,
				9E493CBF228D36AA0081FB0D /* ComicNeue_Light_Oblique.otf */,
				9E493CBD228D36AA0081FB0D /* ComicNeue_Oblique.otf */,
			);
			path = Fonts;
			sourceTree = "<group>";
		};
		9E49E68E2341FDD00020DCB4 /* Model */ = {
			isa = PBXGroup;
			children = (
				9E21894320DC7B41008997FB /* AppDelegate.swift */,
				9EEF01D923321051005FE2BB /* Constants.swift */,
				9EB97CEE21BD2DC2009ED736 /* Extensions.swift */,
				9EC06F7620DE265A00138175 /* GameManager.swift */,
				9EFF18C323570CE4002A4258 /* HelperFunctions.swift */,
			);
			path = Model;
			sourceTree = "<group>";
		};
		9E8601CF233A17BF0093219A /* AR_Friends-AttackTests */ = {
			isa = PBXGroup;
			children = (
				9E8601D0233A17BF0093219A /* AR_Friends_AttackTests.swift */,
				9E8601D2233A17BF0093219A /* Info.plist */,
			);
			path = "AR_Friends-AttackTests";
			sourceTree = "<group>";
		};
		9E86D10023A7585000469BD4 /* Views */ = {
			isa = PBXGroup;
			children = (
				9E0F9406233106C0008A587E /* FriendsTableViewCell.swift */,
				9ECD8EA5234C998F009FF474 /* TableViewCell.xib */,
			);
			path = Views;
			sourceTree = "<group>";
		};
		9ED56CA421BBB64600B1C7E8 /* Controllers */ = {
			isa = PBXGroup;
			children = (
				9EBD7F9E21201A5A001B0C81 /* AddFriendSecondViewController.swift */,
				9E07BC3D20ECF06900A26584 /* AddFriendViewController.swift */,
				9E07BC3B20ECF00700A26584 /* FriendDetailViewController.swift */,
				9E2AE57120ECBF3200AA54B9 /* FriendsViewController.swift */,
				9E21894720DC7B41008997FB /* GameController.swift */,
				9E9E69FF238E5EA90017D1B5 /* InfoViewController.swift */,
				9E493CD3228D3B1C0081FB0D /* ScoreViewController.swift */,
				9E2AE56F20ECBF0B00AA54B9 /* StartViewController.swift */,
			);
			path = Controllers;
			sourceTree = "<group>";
		};
		9EDC978C212179D1008B2EAD /* CoreData */ = {
			isa = PBXGroup;
			children = (
				9EDC978D212179EF008B2EAD /* FriendsModel.xcdatamodeld */,
			);
			path = CoreData;
			sourceTree = "<group>";
		};
/* End PBXGroup section */

/* Begin PBXNativeTarget section */
		9E21893F20DC7B41008997FB /* FriendsAttack */ = {
			isa = PBXNativeTarget;
			buildConfigurationList = 9E21895420DC7B43008997FB /* Build configuration list for PBXNativeTarget "FriendsAttack" */;
			buildPhases = (
				9E21893C20DC7B41008997FB /* Sources */,
				9E21893D20DC7B41008997FB /* Frameworks */,
				9E21893E20DC7B41008997FB /* Resources */,
			);
			buildRules = (
			);
			dependencies = (
			);
			name = FriendsAttack;
			productName = "AR_Friends-Attack";
			productReference = 9E21894020DC7B41008997FB /* FriendsAttack.app */;
			productType = "com.apple.product-type.application";
		};
		9E8601CD233A17BF0093219A /* FriendsAttackTests */ = {
			isa = PBXNativeTarget;
			buildConfigurationList = 9E8601D7233A17BF0093219A /* Build configuration list for PBXNativeTarget "FriendsAttackTests" */;
			buildPhases = (
				9E8601CA233A17BF0093219A /* Sources */,
				9E8601CB233A17BF0093219A /* Frameworks */,
				9E8601CC233A17BF0093219A /* Resources */,
			);
			buildRules = (
			);
			dependencies = (
				9E8601D4233A17BF0093219A /* PBXTargetDependency */,
			);
			name = FriendsAttackTests;
			productName = "AR_Friends-AttackTests";
			productReference = 9E8601CE233A17BF0093219A /* FriendsAttackTests.xctest */;
			productType = "com.apple.product-type.bundle.unit-test";
		};
/* End PBXNativeTarget section */

/* Begin PBXProject section */
		9E21893820DC7B41008997FB /* Project object */ = {
			isa = PBXProject;
			attributes = {
				LastSwiftUpdateCheck = 1010;
				LastUpgradeCheck = 0940;
				ORGANIZATIONNAME = JasonMac;
				TargetAttributes = {
					9E21893F20DC7B41008997FB = {
						CreatedOnToolsVersion = 9.4;
						LastSwiftMigration = 1110;
					};
					9E8601CD233A17BF0093219A = {
						CreatedOnToolsVersion = 10.1;
						LastSwiftMigration = 1110;
						TestTargetID = 9E21893F20DC7B41008997FB;
					};
				};
			};
			buildConfigurationList = 9E21893B20DC7B41008997FB /* Build configuration list for PBXProject "FriendsAttack" */;
			compatibilityVersion = "Xcode 9.3";
			developmentRegion = en;
			hasScannedForEncodings = 0;
			knownRegions = (
				en,
				Base,
				"zh-Hans",
				th,
				ko,
			);
			mainGroup = 9E21893720DC7B41008997FB;
			productRefGroup = 9E21894120DC7B41008997FB /* Products */;
			projectDirPath = "";
			projectRoot = "";
			targets = (
				9E21893F20DC7B41008997FB /* FriendsAttack */,
				9E8601CD233A17BF0093219A /* FriendsAttackTests */,
			);
		};
/* End PBXProject section */

/* Begin PBXResourcesBuildPhase section */
		9E21893E20DC7B41008997FB /* Resources */ = {
			isa = PBXResourcesBuildPhase;
			buildActionMask = 2147483647;
			files = (
				9E493CD2228D36AB0081FB0D /* ComicNeue-Angular_Light_Oblique.otf in Resources */,
				9ECD8EA7234C998F009FF474 /* TableViewCell.xib in Resources */,
				9E493CD0228D36AB0081FB0D /* ComicNeue-Angular_Bold.otf in Resources */,
				9E493CCE228D36AB0081FB0D /* ComicNeue-Angular_Light.otf in Resources */,
				9E21895020DC7B43008997FB /* LaunchScreen.storyboard in Resources */,
				9E96739623C76F5300688841 /* GameCube.ttf in Resources */,
				9E21894D20DC7B43008997FB /* Assets.xcassets in Resources */,
				9E493CCC228D36AB0081FB0D /* ComicNeue-Angular-Regular.otf in Resources */,
				9E8B89E923C5AF81003A5E14 /* Localizable.strings in Resources */,
				9E493CCB228D36AB0081FB0D /* ComicNeue_Light_Oblique.otf in Resources */,
				9E493CCA228D36AB0081FB0D /* ComicNeue-Angular_Bold_Oblique.otf in Resources */,
				9E493CCD228D36AB0081FB0D /* ComicNeue_Bold_Oblique.otf in Resources */,
				9E96739523C76F5000688841 /* Impact.ttf in Resources */,
				9EA0981423C8959000C8F116 /* shoot.mp4 in Resources */,
				9E21895820DC7C3C008997FB /* target.scnassets in Resources */,
				9EA0981623C8959000C8F116 /* explosion.mp4 in Resources */,
				9E493CC8228D36AB0081FB0D /* ComicNeue-Regular.otf in Resources */,
				9EA0981523C8959000C8F116 /* Game_Tutorial.m4v in Resources */,
				9E493CD1228D36AB0081FB0D /* ComicNeue_Light.otf in Resources */,
				9E8601E0233A6B8A0093219A /* Default-568h@2x.png in Resources */,
				9E21894B20DC7B41008997FB /* Main.storyboard in Resources */,
				9E493CCF228D36AB0081FB0D /* ComicNeue_Bold.otf in Resources */,
				9E493CC9228D36AB0081FB0D /* ComicNeue_Oblique.otf in Resources */,
				9E0A14FE227C5D63007ED3CB /* HitSide.scnp in Resources */,
				9E0A14FC227C58C4007ED3CB /* Assets.xcassets in Resources */,
				9EA0981823C8B10D00C8F116 /* Shojumaru-Regular.ttf in Resources */,
				9E493CC7228D36AB0081FB0D /* ComicNeue-Angular_Oblique.otf in Resources */,
			);
			runOnlyForDeploymentPostprocessing = 0;
		};
		9E8601CC233A17BF0093219A /* Resources */ = {
			isa = PBXResourcesBuildPhase;
			buildActionMask = 2147483647;
			files = (
				9E8601ED233A7A970093219A /* UIKit.framework in Resources */,
			);
			runOnlyForDeploymentPostprocessing = 0;
		};
/* End PBXResourcesBuildPhase section */

/* Begin PBXSourcesBuildPhase section */
		9E21893C20DC7B41008997FB /* Sources */ = {
			isa = PBXSourcesBuildPhase;
			buildActionMask = 2147483647;
			files = (
				9EBD7F9F21201A5A001B0C81 /* AddFriendSecondViewController.swift in Sources */,
				9E21894820DC7B41008997FB /* GameController.swift in Sources */,
				9E07BC3E20ECF06900A26584 /* AddFriendViewController.swift in Sources */,
				9E0F9407233106C0008A587E /* FriendsTableViewCell.swift in Sources */,
				9EFF18C423570CE4002A4258 /* HelperFunctions.swift in Sources */,
				9E2AE57220ECBF3200AA54B9 /* FriendsViewController.swift in Sources */,
				9E07BC3C20ECF00700A26584 /* FriendDetailViewController.swift in Sources */,
				9E2AE57020ECBF0B00AA54B9 /* StartViewController.swift in Sources */,
				9EC06F7720DE265A00138175 /* GameManager.swift in Sources */,
				9E21894420DC7B41008997FB /* AppDelegate.swift in Sources */,
				9EB97CEF21BD2DC2009ED736 /* Extensions.swift in Sources */,
				9EEF01DA23321051005FE2BB /* Constants.swift in Sources */,
				9EDC97912121A6AF008B2EAD /* FriendsModel.xcdatamodeld in Sources */,
				9E9E6A00238E5EA90017D1B5 /* InfoViewController.swift in Sources */,
				9E493CD4228D3B1C0081FB0D /* ScoreViewController.swift in Sources */,
			);
			runOnlyForDeploymentPostprocessing = 0;
		};
		9E8601CA233A17BF0093219A /* Sources */ = {
			isa = PBXSourcesBuildPhase;
			buildActionMask = 2147483647;
			files = (
				9E8601EE233A7AB40093219A /* AR_Friends_AttackTests.swift in Sources */,
			);
			runOnlyForDeploymentPostprocessing = 0;
		};
/* End PBXSourcesBuildPhase section */

/* Begin PBXTargetDependency section */
		9E8601D4233A17BF0093219A /* PBXTargetDependency */ = {
			isa = PBXTargetDependency;
			target = 9E21893F20DC7B41008997FB /* FriendsAttack */;
			targetProxy = 9E8601D3233A17BF0093219A /* PBXContainerItemProxy */;
		};
/* End PBXTargetDependency section */

/* Begin PBXVariantGroup section */
		9E21894920DC7B41008997FB /* Main.storyboard */ = {
			isa = PBXVariantGroup;
			children = (
				9E21894A20DC7B41008997FB /* Base */,
				9E8B89EE23C5C650003A5E14 /* zh-Hans */,
				9E8B89F123C5C65C003A5E14 /* th */,
				9E8B89F423C5C665003A5E14 /* ko */,
			);
			name = Main.storyboard;
			path = .;
			sourceTree = "<group>";
		};
		9E21894E20DC7B43008997FB /* LaunchScreen.storyboard */ = {
			isa = PBXVariantGroup;
			children = (
				9E21894F20DC7B43008997FB /* Base */,
				9E8B89ED23C5C650003A5E14 /* zh-Hans */,
				9E8B89F023C5C65C003A5E14 /* th */,
				9E8B89F323C5C665003A5E14 /* ko */,
			);
			name = LaunchScreen.storyboard;
			path = .;
			sourceTree = "<group>";
		};
		9E8B89EB23C5AF81003A5E14 /* Localizable.strings */ = {
			isa = PBXVariantGroup;
			children = (
				9E8B89EA23C5AF81003A5E14 /* en */,
				9E8B89EF23C5C650003A5E14 /* zh-Hans */,
				9E8B89F223C5C65C003A5E14 /* th */,
				9E8B89F523C5C665003A5E14 /* ko */,
			);
			name = Localizable.strings;
			sourceTree = "<group>";
		};
/* End PBXVariantGroup section */

/* Begin XCBuildConfiguration section */
		9E21895220DC7B43008997FB /* Debug */ = {
			isa = XCBuildConfiguration;
			buildSettings = {
				ALWAYS_SEARCH_USER_PATHS = NO;
				ASSETCATALOG_COMPILER_LAUNCHIMAGE_NAME = "";
				CLANG_ANALYZER_LOCALIZABILITY_NONLOCALIZED = YES;
				CLANG_ANALYZER_NONNULL = YES;
				CLANG_ANALYZER_NUMBER_OBJECT_CONVERSION = YES_AGGRESSIVE;
				CLANG_CXX_LANGUAGE_STANDARD = "gnu++14";
				CLANG_CXX_LIBRARY = "libc++";
				CLANG_ENABLE_MODULES = YES;
				CLANG_ENABLE_OBJC_ARC = YES;
				CLANG_ENABLE_OBJC_WEAK = YES;
				CLANG_WARN_BLOCK_CAPTURE_AUTORELEASING = YES;
				CLANG_WARN_BOOL_CONVERSION = YES;
				CLANG_WARN_COMMA = YES;
				CLANG_WARN_CONSTANT_CONVERSION = YES;
				CLANG_WARN_DEPRECATED_OBJC_IMPLEMENTATIONS = YES;
				CLANG_WARN_DIRECT_OBJC_ISA_USAGE = YES_ERROR;
				CLANG_WARN_DOCUMENTATION_COMMENTS = YES;
				CLANG_WARN_EMPTY_BODY = YES;
				CLANG_WARN_ENUM_CONVERSION = YES;
				CLANG_WARN_INFINITE_RECURSION = YES;
				CLANG_WARN_INT_CONVERSION = YES;
				CLANG_WARN_NON_LITERAL_NULL_CONVERSION = YES;
				CLANG_WARN_OBJC_IMPLICIT_RETAIN_SELF = YES;
				CLANG_WARN_OBJC_LITERAL_CONVERSION = YES;
				CLANG_WARN_OBJC_ROOT_CLASS = YES_ERROR;
				CLANG_WARN_RANGE_LOOP_ANALYSIS = YES;
				CLANG_WARN_STRICT_PROTOTYPES = YES;
				CLANG_WARN_SUSPICIOUS_MOVE = YES;
				CLANG_WARN_UNGUARDED_AVAILABILITY = YES_AGGRESSIVE;
				CLANG_WARN_UNREACHABLE_CODE = YES;
				CLANG_WARN__DUPLICATE_METHOD_MATCH = YES;
				CODE_SIGN_IDENTITY = "iPhone Developer";
				COPY_PHASE_STRIP = NO;
				DEBUG_INFORMATION_FORMAT = dwarf;
				ENABLE_STRICT_OBJC_MSGSEND = YES;
				ENABLE_TESTABILITY = YES;
				GCC_C_LANGUAGE_STANDARD = gnu11;
				GCC_DYNAMIC_NO_PIC = NO;
				GCC_NO_COMMON_BLOCKS = YES;
				GCC_OPTIMIZATION_LEVEL = 0;
				GCC_PREPROCESSOR_DEFINITIONS = (
					"DEBUG=1",
					"$(inherited)",
				);
				GCC_WARN_64_TO_32_BIT_CONVERSION = YES;
				GCC_WARN_ABOUT_RETURN_TYPE = YES_ERROR;
				GCC_WARN_UNDECLARED_SELECTOR = YES;
				GCC_WARN_UNINITIALIZED_AUTOS = YES_AGGRESSIVE;
				GCC_WARN_UNUSED_FUNCTION = YES;
				GCC_WARN_UNUSED_VARIABLE = YES;
				IPHONEOS_DEPLOYMENT_TARGET = 12.1;
				MTL_ENABLE_DEBUG_INFO = YES;
				ONLY_ACTIVE_ARCH = YES;
				SDKROOT = iphoneos;
				SWIFT_ACTIVE_COMPILATION_CONDITIONS = DEBUG;
				SWIFT_OPTIMIZATION_LEVEL = "-Onone";
			};
			name = Debug;
		};
		9E21895320DC7B43008997FB /* Release */ = {
			isa = XCBuildConfiguration;
			buildSettings = {
				ALWAYS_SEARCH_USER_PATHS = NO;
				CLANG_ANALYZER_LOCALIZABILITY_NONLOCALIZED = YES;
				CLANG_ANALYZER_NONNULL = YES;
				CLANG_ANALYZER_NUMBER_OBJECT_CONVERSION = YES_AGGRESSIVE;
				CLANG_CXX_LANGUAGE_STANDARD = "gnu++14";
				CLANG_CXX_LIBRARY = "libc++";
				CLANG_ENABLE_MODULES = YES;
				CLANG_ENABLE_OBJC_ARC = YES;
				CLANG_ENABLE_OBJC_WEAK = YES;
				CLANG_WARN_BLOCK_CAPTURE_AUTORELEASING = YES;
				CLANG_WARN_BOOL_CONVERSION = YES;
				CLANG_WARN_COMMA = YES;
				CLANG_WARN_CONSTANT_CONVERSION = YES;
				CLANG_WARN_DEPRECATED_OBJC_IMPLEMENTATIONS = YES;
				CLANG_WARN_DIRECT_OBJC_ISA_USAGE = YES_ERROR;
				CLANG_WARN_DOCUMENTATION_COMMENTS = YES;
				CLANG_WARN_EMPTY_BODY = YES;
				CLANG_WARN_ENUM_CONVERSION = YES;
				CLANG_WARN_INFINITE_RECURSION = YES;
				CLANG_WARN_INT_CONVERSION = YES;
				CLANG_WARN_NON_LITERAL_NULL_CONVERSION = YES;
				CLANG_WARN_OBJC_IMPLICIT_RETAIN_SELF = YES;
				CLANG_WARN_OBJC_LITERAL_CONVERSION = YES;
				CLANG_WARN_OBJC_ROOT_CLASS = YES_ERROR;
				CLANG_WARN_RANGE_LOOP_ANALYSIS = YES;
				CLANG_WARN_STRICT_PROTOTYPES = YES;
				CLANG_WARN_SUSPICIOUS_MOVE = YES;
				CLANG_WARN_UNGUARDED_AVAILABILITY = YES_AGGRESSIVE;
				CLANG_WARN_UNREACHABLE_CODE = YES;
				CLANG_WARN__DUPLICATE_METHOD_MATCH = YES;
				CODE_SIGN_IDENTITY = "iPhone Developer";
				COPY_PHASE_STRIP = NO;
				DEBUG_INFORMATION_FORMAT = "dwarf-with-dsym";
				ENABLE_NS_ASSERTIONS = NO;
				ENABLE_STRICT_OBJC_MSGSEND = YES;
				GCC_C_LANGUAGE_STANDARD = gnu11;
				GCC_NO_COMMON_BLOCKS = YES;
				GCC_WARN_64_TO_32_BIT_CONVERSION = YES;
				GCC_WARN_ABOUT_RETURN_TYPE = YES_ERROR;
				GCC_WARN_UNDECLARED_SELECTOR = YES;
				GCC_WARN_UNINITIALIZED_AUTOS = YES_AGGRESSIVE;
				GCC_WARN_UNUSED_FUNCTION = YES;
				GCC_WARN_UNUSED_VARIABLE = YES;
				IPHONEOS_DEPLOYMENT_TARGET = 12.1;
				MTL_ENABLE_DEBUG_INFO = NO;
				SDKROOT = iphoneos;
				SWIFT_COMPILATION_MODE = wholemodule;
				SWIFT_OPTIMIZATION_LEVEL = "-O";
				VALIDATE_PRODUCT = YES;
			};
			name = Release;
		};
		9E21895520DC7B43008997FB /* Debug */ = {
			isa = XCBuildConfiguration;
			buildSettings = {
				ASSETCATALOG_COMPILER_APPICON_NAME = "AppIcon-2";
				CODE_SIGN_IDENTITY = "iPhone Developer";
				CODE_SIGN_STYLE = Automatic;
				DEVELOPMENT_TEAM = EUFCY3UFR6;
				INFOPLIST_FILE = "AR_Friends-Attack/Info.plist";
				IPHONEOS_DEPLOYMENT_TARGET = 13.0;
				LD_RUNPATH_SEARCH_PATHS = (
					"$(inherited)",
					"@executable_path/Frameworks",
				);
				PRODUCT_BUNDLE_IDENTIFIER = "Jason.AR-Friends-Attack";
				PRODUCT_NAME = "$(TARGET_NAME)";
				PROVISIONING_PROFILE_SPECIFIER = "";
				SWIFT_VERSION = 5.0;
				TARGETED_DEVICE_FAMILY = "1,2";
			};
			name = Debug;
		};
		9E21895620DC7B43008997FB /* Release */ = {
			isa = XCBuildConfiguration;
			buildSettings = {
				ASSETCATALOG_COMPILER_APPICON_NAME = "AppIcon-2";
				CODE_SIGN_IDENTITY = "iPhone Developer";
				CODE_SIGN_STYLE = Automatic;
				DEVELOPMENT_TEAM = EUFCY3UFR6;
				INFOPLIST_FILE = "AR_Friends-Attack/Info.plist";
				IPHONEOS_DEPLOYMENT_TARGET = 13.0;
				LD_RUNPATH_SEARCH_PATHS = (
					"$(inherited)",
					"@executable_path/Frameworks",
				);
				PRODUCT_BUNDLE_IDENTIFIER = "Jason.AR-Friends-Attack";
				PRODUCT_NAME = "$(TARGET_NAME)";
				PROVISIONING_PROFILE_SPECIFIER = "";
				SWIFT_VERSION = 5.0;
				TARGETED_DEVICE_FAMILY = "1,2";
			};
			name = Release;
		};
		9E8601D5233A17BF0093219A /* Debug */ = {
			isa = XCBuildConfiguration;
			buildSettings = {
				BUNDLE_LOADER = "$(TEST_HOST)";
				CODE_SIGN_STYLE = Automatic;
				DEVELOPMENT_TEAM = EUFCY3UFR6;
				INFOPLIST_FILE = "AR_Friends-AttackTests/Info.plist";
				IPHONEOS_DEPLOYMENT_TARGET = 12.1;
				LD_RUNPATH_SEARCH_PATHS = (
					"$(inherited)",
					"@executable_path/Frameworks",
					"@loader_path/Frameworks",
				);
				MTL_ENABLE_DEBUG_INFO = INCLUDE_SOURCE;
				MTL_FAST_MATH = YES;
				PRODUCT_BUNDLE_IDENTIFIER = "Jason.AR-Friends-AttackTests";
				PRODUCT_NAME = "$(TARGET_NAME)";
				SWIFT_VERSION = 5.0;
				TARGETED_DEVICE_FAMILY = "1,2";
				TEST_HOST = "$(BUILT_PRODUCTS_DIR)/FriendsAttack.app/FriendsAttack";
			};
			name = Debug;
		};
		9E8601D6233A17BF0093219A /* Release */ = {
			isa = XCBuildConfiguration;
			buildSettings = {
				BUNDLE_LOADER = "$(TEST_HOST)";
				CODE_SIGN_STYLE = Automatic;
				DEVELOPMENT_TEAM = EUFCY3UFR6;
				INFOPLIST_FILE = "AR_Friends-AttackTests/Info.plist";
				IPHONEOS_DEPLOYMENT_TARGET = 12.1;
				LD_RUNPATH_SEARCH_PATHS = (
					"$(inherited)",
					"@executable_path/Frameworks",
					"@loader_path/Frameworks",
				);
				MTL_FAST_MATH = YES;
				PRODUCT_BUNDLE_IDENTIFIER = "Jason.AR-Friends-AttackTests";
				PRODUCT_NAME = "$(TARGET_NAME)";
				SWIFT_VERSION = 5.0;
				TARGETED_DEVICE_FAMILY = "1,2";
				TEST_HOST = "$(BUILT_PRODUCTS_DIR)/FriendsAttack.app/FriendsAttack";
			};
			name = Release;
		};
/* End XCBuildConfiguration section */

/* Begin XCConfigurationList section */
		9E21893B20DC7B41008997FB /* Build configuration list for PBXProject "FriendsAttack" */ = {
			isa = XCConfigurationList;
			buildConfigurations = (
				9E21895220DC7B43008997FB /* Debug */,
				9E21895320DC7B43008997FB /* Release */,
			);
			defaultConfigurationIsVisible = 0;
			defaultConfigurationName = Release;
		};
		9E21895420DC7B43008997FB /* Build configuration list for PBXNativeTarget "FriendsAttack" */ = {
			isa = XCConfigurationList;
			buildConfigurations = (
				9E21895520DC7B43008997FB /* Debug */,
				9E21895620DC7B43008997FB /* Release */,
			);
			defaultConfigurationIsVisible = 0;
			defaultConfigurationName = Release;
		};
		9E8601D7233A17BF0093219A /* Build configuration list for PBXNativeTarget "FriendsAttackTests" */ = {
			isa = XCConfigurationList;
			buildConfigurations = (
				9E8601D5233A17BF0093219A /* Debug */,
				9E8601D6233A17BF0093219A /* Release */,
			);
			defaultConfigurationIsVisible = 0;
			defaultConfigurationName = Release;
		};
/* End XCConfigurationList section */

/* Begin XCVersionGroup section */
		9EDC978D212179EF008B2EAD /* FriendsModel.xcdatamodeld */ = {
			isa = XCVersionGroup;
			children = (
				9EDC978E212179EF008B2EAD /* FriendsModel.xcdatamodel */,
			);
			currentVersion = 9EDC978E212179EF008B2EAD /* FriendsModel.xcdatamodel */;
			path = FriendsModel.xcdatamodeld;
			sourceTree = "<group>";
			versionGroupType = wrapper.xcdatamodel;
		};
/* End XCVersionGroup section */
	};
	rootObject = 9E21893820DC7B41008997FB /* Project object */;
}
